
Microsoft Visual Studio Solution File, Format Version 12.00
# Visual Studio Version 16
VisualStudioVersion = 16.0.31205.134
MinimumVisualStudioVersion = 10.0.40219.1
Project("{2150E333-8FDC-42A3-9474-1A3956D46DE8}") = "Services", "Services", "{656FD4B1-38CB-40BA-94DE-6D36AA38E76C}"
EndProject
Project("{2150E333-8FDC-42A3-9474-1A3956D46DE8}") = "Catalog", "Catalog", "{2FFE9E69-B4DD-4435-ABFA-D000BCE5370F}"
EndProject
Project("{9A19103F-16F7-4668-BE54-9A1E7A4F7556}") = "Catalog.API", "Services\Catalog\Catalog.API\Catalog.API.csproj", "{BA692D47-BC88-4C50-8D63-E70C5B01CD18}"
EndProject
Project("{E53339B2-1760-4266-BCC7-CA923CBCF16C}") = "docker-compose", "docker-compose.dcproj", "{DB993BC6-DDBC-470D-9CE6-6A81C1947E2A}"
EndProject
Project("{2150E333-8FDC-42A3-9474-1A3956D46DE8}") = "Basket", "Basket", "{56088910-C6BF-4873-9796-6F24E8423B0E}"
EndProject
Project("{FAE04EC0-301F-11D3-BF4B-00C04F79EFBC}") = "Basket.API", "Services\Basket\Basket.API\Basket.API.csproj", "{84BF13DC-11E6-40F1-87F3-64E2FD5713D9}"
EndProject
Global
	GlobalSection(SolutionConfigurationPlatforms) = preSolution
		Debug|Any CPU = Debug|Any CPU
		Release|Any CPU = Release|Any CPU
	EndGlobalSection
	GlobalSection(ProjectConfigurationPlatforms) = postSolution
		{BA692D47-BC88-4C50-8D63-E70C5B01CD18}.Debug|Any CPU.ActiveCfg = Debug|Any CPU
		{BA692D47-BC88-4C50-8D63-E70C5B01CD18}.Debug|Any CPU.Build.0 = Debug|Any CPU
		{BA692D47-BC88-4C50-8D63-E70C5B01CD18}.Release|Any CPU.ActiveCfg = Release|Any CPU
		{BA692D47-BC88-4C50-8D63-E70C5B01CD18}.Release|Any CPU.Build.0 = Release|Any CPU
		{DB993BC6-DDBC-470D-9CE6-6A81C1947E2A}.Debug|Any CPU.ActiveCfg = Debug|Any CPU
		{DB993BC6-DDBC-470D-9CE6-6A81C1947E2A}.Debug|Any CPU.Build.0 = Debug|Any CPU
		{DB993BC6-DDBC-470D-9CE6-6A81C1947E2A}.Release|Any CPU.ActiveCfg = Release|Any CPU
		{DB993BC6-DDBC-470D-9CE6-6A81C1947E2A}.Release|Any CPU.Build.0 = Release|Any CPU
		{84BF13DC-11E6-40F1-87F3-64E2FD5713D9}.Debug|Any CPU.ActiveCfg = Debug|Any CPU
		{84BF13DC-11E6-40F1-87F3-64E2FD5713D9}.Debug|Any CPU.Build.0 = Debug|Any CPU
		{84BF13DC-11E6-40F1-87F3-64E2FD5713D9}.Release|Any CPU.ActiveCfg = Release|Any CPU
		{84BF13DC-11E6-40F1-87F3-64E2FD5713D9}.Release|Any CPU.Build.0 = Release|Any CPU
	EndGlobalSection
	GlobalSection(SolutionProperties) = preSolution
		HideSolutionNode = FALSE
	EndGlobalSection
	GlobalSection(NestedProjects) = preSolution
		{2FFE9E69-B4DD-4435-ABFA-D000BCE5370F} = {656FD4B1-38CB-40BA-94DE-6D36AA38E76C}
		{BA692D47-BC88-4C50-8D63-E70C5B01CD18} = {2FFE9E69-B4DD-4435-ABFA-D000BCE5370F}
		{56088910-C6BF-4873-9796-6F24E8423B0E} = {656FD4B1-38CB-40BA-94DE-6D36AA38E76C}
		{84BF13DC-11E6-40F1-87F3-64E2FD5713D9} = {56088910-C6BF-4873-9796-6F24E8423B0E}
	EndGlobalSection
	GlobalSection(ExtensibilityGlobals) = postSolution
		SolutionGuid = {0C2F7986-D6CD-496B-89B0-8B5987BD80E4}
	EndGlobalSection
EndGlobal
